
Microsoft Visual Studio Solution File, Format Version 12.00
# Visual Studio Version 17
VisualStudioVersion = 17.11.35327.3
MinimumVisualStudioVersion = 10.0.40219.1
Project("{FAE04EC0-301F-11D3-BF4B-00C04F79EFBC}") = "BoardgameProjectV2", "BoardgameProjectV2.csproj", "{76EC82D7-7D16-412D-BF8B-C47E08FA17BA}"
EndProject
Global
	GlobalSection(SolutionConfigurationPlatforms) = preSolution
		Debug|Any CPU = Debug|Any CPU
		Release|Any CPU = Release|Any CPU
	EndGlobalSection
	GlobalSection(ProjectConfigurationPlatforms) = postSolution
		{76EC82D7-7D16-412D-BF8B-C47E08FA17BA}.Debug|Any CPU.ActiveCfg = Debug|Any CPU
		{76EC82D7-7D16-412D-BF8B-C47E08FA17BA}.Debug|Any CPU.Build.0 = Debug|Any CPU
		{76EC82D7-7D16-412D-BF8B-C47E08FA17BA}.Release|Any CPU.ActiveCfg = Release|Any CPU
		{76EC82D7-7D16-412D-BF8B-C47E08FA17BA}.Release|Any CPU.Build.0 = Release|Any CPU
	EndGlobalSection
	GlobalSection(SolutionProperties) = preSolution
		HideSolutionNode = FALSE
	EndGlobalSection
	GlobalSection(ExtensibilityGlobals) = postSolution
		SolutionGuid = {50BF7DF7-FD0A-4401-A0DD-255162B7AB1C}
	EndGlobalSection
EndGlobal
